// !$*UTF8*$!
{
	archiveVersion = 1;
	classes = {
	};
	objectVersion = 56;
	objects = {

/* Begin PBXBuildFile section */
		A10001010000000000000001 /* PomodoroApp.swift in Sources */ = {isa = PBXBuildFile; fileRef = A1000201000000000000000A /* PomodoroApp.swift */; };
		A10001010000000000000002 /* TimerPhase.swift in Sources */ = {isa = PBXBuildFile; fileRef = A1000201000000000000000B /* TimerPhase.swift */; };
		A10001010000000000000003 /* TimerState.swift in Sources */ = {isa = PBXBuildFile; fileRef = A1000201000000000000000C /* TimerState.swift */; };
		A10001010000000000000004 /* PomodoroSession.swift in Sources */ = {isa = PBXBuildFile; fileRef = A1000201000000000000000D /* PomodoroSession.swift */; };
		A10001010000000000000005 /* TimerService.swift in Sources */ = {isa = PBXBuildFile; fileRef = A1000201000000000000000E /* TimerService.swift */; };
		A10001010000000000000006 /* NotificationService.swift in Sources */ = {isa = PBXBuildFile; fileRef = A1000201000000000000000F /* NotificationService.swift */; };
		A10001010000000000000007 /* StatisticsService.swift in Sources */ = {isa = PBXBuildFile; fileRef = A10002010000000000000010 /* StatisticsService.swift */; };
		A10001010000000000000008 /* TimerView.swift in Sources */ = {isa = PBXBuildFile; fileRef = A10002010000000000000011 /* TimerView.swift */; };
		A10001010000000000000009 /* TimerControlsView.swift in Sources */ = {isa = PBXBuildFile; fileRef = A10002010000000000000012 /* TimerControlsView.swift */; };
		A1000101000000000000000A /* SessionTitleInput.swift in Sources */ = {isa = PBXBuildFile; fileRef = A10002010000000000000013 /* SessionTitleInput.swift */; };
		A1000101000000000000000B /* HistoryListView.swift in Sources */ = {isa = PBXBuildFile; fileRef = A10002010000000000000014 /* HistoryListView.swift */; };
		A1000101000000000000000C /* SessionRowView.swift in Sources */ = {isa = PBXBuildFile; fileRef = A10002010000000000000015 /* SessionRowView.swift */; };
		A1000101000000000000000D /* StatisticsView.swift in Sources */ = {isa = PBXBuildFile; fileRef = A10002010000000000000016 /* StatisticsView.swift */; };
		A1000101000000000000000E /* MenuBarTimerView.swift in Sources */ = {isa = PBXBuildFile; fileRef = A10002010000000000000017 /* MenuBarTimerView.swift */; };
		A1000101000000000000000F /* iOSContentView.swift in Sources */ = {isa = PBXBuildFile; fileRef = A10002010000000000000018 /* iOSContentView.swift */; };
		A10001010000000000000010 /* iOSTimerTab.swift in Sources */ = {isa = PBXBuildFile; fileRef = A10002010000000000000019 /* iOSTimerTab.swift */; };
		A10001010000000000000011 /* Assets.xcassets in Resources */ = {isa = PBXBuildFile; fileRef = A1000201000000000000001A /* Assets.xcassets */; };
		A10001010000000000000012 /* Theme.swift in Sources */ = {isa = PBXBuildFile; fileRef = A1000201000000000000001B /* Theme.swift */; };
		A10001010000000000000013 /* MenuBarHistoryView.swift in Sources */ = {isa = PBXBuildFile; fileRef = A1000201000000000000001C /* MenuBarHistoryView.swift */; };
		A10001020000000000000001 /* PomodoroApp.swift in Sources */ = {isa = PBXBuildFile; fileRef = A1000201000000000000000A /* PomodoroApp.swift */; };
		A10001020000000000000002 /* TimerPhase.swift in Sources */ = {isa = PBXBuildFile; fileRef = A1000201000000000000000B /* TimerPhase.swift */; };
		A10001020000000000000003 /* TimerState.swift in Sources */ = {isa = PBXBuildFile; fileRef = A1000201000000000000000C /* TimerState.swift */; };
		A10001020000000000000004 /* PomodoroSession.swift in Sources */ = {isa = PBXBuildFile; fileRef = A1000201000000000000000D /* PomodoroSession.swift */; };
		A10001020000000000000005 /* TimerService.swift in Sources */ = {isa = PBXBuildFile; fileRef = A1000201000000000000000E /* TimerService.swift */; };
		A10001020000000000000006 /* NotificationService.swift in Sources */ = {isa = PBXBuildFile; fileRef = A1000201000000000000000F /* NotificationService.swift */; };
		A10001020000000000000007 /* StatisticsService.swift in Sources */ = {isa = PBXBuildFile; fileRef = A10002010000000000000010 /* StatisticsService.swift */; };
		A10001020000000000000008 /* TimerView.swift in Sources */ = {isa = PBXBuildFile; fileRef = A10002010000000000000011 /* TimerView.swift */; };
		A10001020000000000000009 /* TimerControlsView.swift in Sources */ = {isa = PBXBuildFile; fileRef = A10002010000000000000012 /* TimerControlsView.swift */; };
		A1000102000000000000000A /* SessionTitleInput.swift in Sources */ = {isa = PBXBuildFile; fileRef = A10002010000000000000013 /* SessionTitleInput.swift */; };
		A1000102000000000000000B /* HistoryListView.swift in Sources */ = {isa = PBXBuildFile; fileRef = A10002010000000000000014 /* HistoryListView.swift */; };
		A1000102000000000000000C /* SessionRowView.swift in Sources */ = {isa = PBXBuildFile; fileRef = A10002010000000000000015 /* SessionRowView.swift */; };
		A1000102000000000000000D /* StatisticsView.swift in Sources */ = {isa = PBXBuildFile; fileRef = A10002010000000000000016 /* StatisticsView.swift */; };
		A1000102000000000000000E /* MenuBarTimerView.swift in Sources */ = {isa = PBXBuildFile; fileRef = A10002010000000000000017 /* MenuBarTimerView.swift */; };
		A1000102000000000000000F /* iOSContentView.swift in Sources */ = {isa = PBXBuildFile; fileRef = A10002010000000000000018 /* iOSContentView.swift */; };
		A10001020000000000000010 /* iOSTimerTab.swift in Sources */ = {isa = PBXBuildFile; fileRef = A10002010000000000000019 /* iOSTimerTab.swift */; };
		A10001020000000000000011 /* Assets.xcassets in Resources */ = {isa = PBXBuildFile; fileRef = A1000201000000000000001A /* Assets.xcassets */; };
		A10001020000000000000012 /* Theme.swift in Sources */ = {isa = PBXBuildFile; fileRef = A1000201000000000000001B /* Theme.swift */; };
		A10001020000000000000013 /* MenuBarHistoryView.swift in Sources */ = {isa = PBXBuildFile; fileRef = A1000201000000000000001C /* MenuBarHistoryView.swift */; };
/* End PBXBuildFile section */

/* Begin PBXFileReference section */
		A10003010000000000000001 /* Pomodoro.app */ = {isa = PBXFileReference; explicitFileType = wrapper.application; includeInIndex = 0; path = Pomodoro.app; sourceTree = BUILT_PRODUCTS_DIR; };
		A10003010000000000000002 /* Pomodoro-iOS.app */ = {isa = PBXFileReference; explicitFileType = wrapper.application; includeInIndex = 0; path = "Pomodoro-iOS.app"; sourceTree = BUILT_PRODUCTS_DIR; };
		A1000201000000000000000A /* PomodoroApp.swift */ = {isa = PBXFileReference; lastKnownFileType = sourcecode.swift; path = PomodoroApp.swift; sourceTree = "<group>"; };
		A1000201000000000000000B /* TimerPhase.swift */ = {isa = PBXFileReference; lastKnownFileType = sourcecode.swift; path = TimerPhase.swift; sourceTree = "<group>"; };
		A1000201000000000000000C /* TimerState.swift */ = {isa = PBXFileReference; lastKnownFileType = sourcecode.swift; path = TimerState.swift; sourceTree = "<group>"; };
		A1000201000000000000000D /* PomodoroSession.swift */ = {isa = PBXFileReference; lastKnownFileType = sourcecode.swift; path = PomodoroSession.swift; sourceTree = "<group>"; };
		A1000201000000000000000E /* TimerService.swift */ = {isa = PBXFileReference; lastKnownFileType = sourcecode.swift; path = TimerService.swift; sourceTree = "<group>"; };
		A1000201000000000000000F /* NotificationService.swift */ = {isa = PBXFileReference; lastKnownFileType = sourcecode.swift; path = NotificationService.swift; sourceTree = "<group>"; };
		A10002010000000000000010 /* StatisticsService.swift */ = {isa = PBXFileReference; lastKnownFileType = sourcecode.swift; path = StatisticsService.swift; sourceTree = "<group>"; };
		A10002010000000000000011 /* TimerView.swift */ = {isa = PBXFileReference; lastKnownFileType = sourcecode.swift; path = TimerView.swift; sourceTree = "<group>"; };
		A10002010000000000000012 /* TimerControlsView.swift */ = {isa = PBXFileReference; lastKnownFileType = sourcecode.swift; path = TimerControlsView.swift; sourceTree = "<group>"; };
		A10002010000000000000013 /* SessionTitleInput.swift */ = {isa = PBXFileReference; lastKnownFileType = sourcecode.swift; path = SessionTitleInput.swift; sourceTree = "<group>"; };
		A10002010000000000000014 /* HistoryListView.swift */ = {isa = PBXFileReference; lastKnownFileType = sourcecode.swift; path = HistoryListView.swift; sourceTree = "<group>"; };
		A10002010000000000000015 /* SessionRowView.swift */ = {isa = PBXFileReference; lastKnownFileType = sourcecode.swift; path = SessionRowView.swift; sourceTree = "<group>"; };
		A10002010000000000000016 /* StatisticsView.swift */ = {isa = PBXFileReference; lastKnownFileType = sourcecode.swift; path = StatisticsView.swift; sourceTree = "<group>"; };
		A10002010000000000000017 /* MenuBarTimerView.swift */ = {isa = PBXFileReference; lastKnownFileType = sourcecode.swift; path = MenuBarTimerView.swift; sourceTree = "<group>"; };
		A10002010000000000000018 /* iOSContentView.swift */ = {isa = PBXFileReference; lastKnownFileType = sourcecode.swift; path = iOSContentView.swift; sourceTree = "<group>"; };
		A10002010000000000000019 /* iOSTimerTab.swift */ = {isa = PBXFileReference; lastKnownFileType = sourcecode.swift; path = iOSTimerTab.swift; sourceTree = "<group>"; };
		A1000201000000000000001A /* Assets.xcassets */ = {isa = PBXFileReference; lastKnownFileType = folder.assetcatalog; path = Assets.xcassets; sourceTree = "<group>"; };
		A1000201000000000000001B /* Theme.swift */ = {isa = PBXFileReference; lastKnownFileType = sourcecode.swift; path = Theme.swift; sourceTree = "<group>"; };
		A1000201000000000000001C /* MenuBarHistoryView.swift */ = {isa = PBXFileReference; lastKnownFileType = sourcecode.swift; path = MenuBarHistoryView.swift; sourceTree = "<group>"; };
/* End PBXFileReference section */

/* Begin PBXFrameworksBuildPhase section */
		A10004010000000000000001 /* Frameworks */ = {
			isa = PBXFrameworksBuildPhase;
			buildActionMask = 2147483647;
			files = (
			);
			runOnlyForDeploymentPostprocessing = 0;
		};
		A10004010000000000000002 /* Frameworks */ = {
			isa = PBXFrameworksBuildPhase;
			buildActionMask = 2147483647;
			files = (
			);
			runOnlyForDeploymentPostprocessing = 0;
		};
/* End PBXFrameworksBuildPhase section */

/* Begin PBXGroup section */
		A10005010000000000000001 /* = */ = {
			isa = PBXGroup;
			children = (
				A10005010000000000000003 /* Pomodoro */,
				A10005010000000000000002 /* Products */,
			);
			sourceTree = "<group>";
		};
		A10005010000000000000002 /* Products */ = {
			isa = PBXGroup;
			children = (
				A10003010000000000000001 /* Pomodoro.app */,
				A10003010000000000000002 /* Pomodoro-iOS.app */,
			);
			name = Products;
			sourceTree = "<group>";
		};
		A10005010000000000000003 /* Pomodoro */ = {
			isa = PBXGroup;
			children = (
				A10005010000000000000004 /* App */,
				A10005010000000000000005 /* Models */,
				A10005010000000000000006 /* Services */,
				A10005010000000000000007 /* Views */,
				A1000501000000000000000C /* Resources */,
			);
			path = Pomodoro;
			sourceTree = "<group>";
		};
		A10005010000000000000004 /* App */ = {
			isa = PBXGroup;
			children = (
				A1000201000000000000000A /* PomodoroApp.swift */,
			);
			path = App;
			sourceTree = "<group>";
		};
		A10005010000000000000005 /* Models */ = {
			isa = PBXGroup;
			children = (
				A1000201000000000000000B /* TimerPhase.swift */,
				A1000201000000000000000C /* TimerState.swift */,
				A1000201000000000000000D /* PomodoroSession.swift */,
			);
			path = Models;
			sourceTree = "<group>";
		};
		A10005010000000000000006 /* Services */ = {
			isa = PBXGroup;
			children = (
				A1000201000000000000000E /* TimerService.swift */,
				A1000201000000000000000F /* NotificationService.swift */,
				A10002010000000000000010 /* StatisticsService.swift */,
			);
			path = Services;
			sourceTree = "<group>";
		};
		A10005010000000000000007 /* Views */ = {
			isa = PBXGroup;
			children = (
				A10005010000000000000008 /* Shared */,
				A10005010000000000000009 /* macOS */,
				A1000501000000000000000A /* iOS */,
			);
			path = Views;
			sourceTree = "<group>";
		};
		A10005010000000000000008 /* Shared */ = {
			isa = PBXGroup;
			children = (
				A10002010000000000000011 /* TimerView.swift */,
				A10002010000000000000012 /* TimerControlsView.swift */,
				A10002010000000000000013 /* SessionTitleInput.swift */,
				A10002010000000000000014 /* HistoryListView.swift */,
				A10002010000000000000015 /* SessionRowView.swift */,
				A10002010000000000000016 /* StatisticsView.swift */,
				A1000201000000000000001B /* Theme.swift */,
			);
			path = Shared;
			sourceTree = "<group>";
		};
		A10005010000000000000009 /* macOS */ = {
			isa = PBXGroup;
			children = (
				A10002010000000000000017 /* MenuBarTimerView.swift */,
				A1000201000000000000001C /* MenuBarHistoryView.swift */,
			);
			path = macOS;
			sourceTree = "<group>";
		};
		A1000501000000000000000A /* iOS */ = {
			isa = PBXGroup;
			children = (
				A10002010000000000000018 /* iOSContentView.swift */,
				A10002010000000000000019 /* iOSTimerTab.swift */,
			);
			path = iOS;
			sourceTree = "<group>";
		};
		A1000501000000000000000C /* Resources */ = {
			isa = PBXGroup;
			children = (
				A1000201000000000000001A /* Assets.xcassets */,
			);
			path = Resources;
			sourceTree = "<group>";
		};
/* End PBXGroup section */

/* Begin PBXNativeTarget section */
		A10006010000000000000001 /* Pomodoro */ = {
			isa = PBXNativeTarget;
			buildConfigurationList = A10008010000000000000001 /* Build configuration list for PBXNativeTarget "Pomodoro" */;
			buildPhases = (
				A10007010000000000000001 /* Sources */,
				A10004010000000000000001 /* Frameworks */,
				A10007030000000000000001 /* Resources */,
			);
			buildRules = (
			);
			dependencies = (
			);
			name = Pomodoro;
			productName = Pomodoro;
			productReference = A10003010000000000000001 /* Pomodoro.app */;
			productType = "com.apple.product-type.application";
		};
		A10006010000000000000002 /* Pomodoro-iOS */ = {
			isa = PBXNativeTarget;
			buildConfigurationList = A10008010000000000000002 /* Build configuration list for PBXNativeTarget "Pomodoro-iOS" */;
			buildPhases = (
				A10007010000000000000002 /* Sources */,
				A10004010000000000000002 /* Frameworks */,
				A10007030000000000000002 /* Resources */,
			);
			buildRules = (
			);
			dependencies = (
			);
			name = "Pomodoro-iOS";
			productName = "Pomodoro-iOS";
			productReference = A10003010000000000000002 /* Pomodoro-iOS.app */;
			productType = "com.apple.product-type.application";
		};
/* End PBXNativeTarget section */

/* Begin PBXProject section */
		A10009010000000000000001 /* Project object */ = {
			isa = PBXProject;
			attributes = {
				BuildIndependentTargetsInParallel = 1;
				LastSwiftUpdateCheck = 1500;
				LastUpgradeCheck = 1500;
				TargetAttributes = {
					A10006010000000000000001 = {
						CreatedOnToolsVersion = 15.0;
					};
					A10006010000000000000002 = {
						CreatedOnToolsVersion = 15.0;
					};
				};
			};
			buildConfigurationList = A10008010000000000000003 /* Build configuration list for PBXProject "Pomodoro" */;
			compatibilityVersion = "Xcode 14.0";
			developmentRegion = en;
			hasScannedForEncodings = 0;
			knownRegions = (
				en,
				Base,
			);
			mainGroup = A10005010000000000000001 /* = */;
			productRefGroup = A10005010000000000000002 /* Products */;
			projectDirPath = "";
			projectRoot = "";
			targets = (
				A10006010000000000000001 /* Pomodoro */,
				A10006010000000000000002 /* Pomodoro-iOS */,
			);
		};
/* End PBXProject section */

/* Begin PBXResourcesBuildPhase section */
		A10007030000000000000001 /* Resources */ = {
			isa = PBXResourcesBuildPhase;
			buildActionMask = 2147483647;
			files = (
				A10001010000000000000011 /* Assets.xcassets in Resources */,
			);
			runOnlyForDeploymentPostprocessing = 0;
		};
		A10007030000000000000002 /* Resources */ = {
			isa = PBXResourcesBuildPhase;
			buildActionMask = 2147483647;
			files = (
				A10001020000000000000011 /* Assets.xcassets in Resources */,
			);
			runOnlyForDeploymentPostprocessing = 0;
		};
/* End PBXResourcesBuildPhase section */

/* Begin PBXSourcesBuildPhase section */
		A10007010000000000000001 /* Sources */ = {
			isa = PBXSourcesBuildPhase;
			buildActionMask = 2147483647;
			files = (
				A10001010000000000000001 /* PomodoroApp.swift in Sources */,
				A10001010000000000000002 /* TimerPhase.swift in Sources */,
				A10001010000000000000003 /* TimerState.swift in Sources */,
				A10001010000000000000004 /* PomodoroSession.swift in Sources */,
				A10001010000000000000005 /* TimerService.swift in Sources */,
				A10001010000000000000006 /* NotificationService.swift in Sources */,
				A10001010000000000000007 /* StatisticsService.swift in Sources */,
				A10001010000000000000008 /* TimerView.swift in Sources */,
				A10001010000000000000009 /* TimerControlsView.swift in Sources */,
				A1000101000000000000000A /* SessionTitleInput.swift in Sources */,
				A1000101000000000000000B /* HistoryListView.swift in Sources */,
				A1000101000000000000000C /* SessionRowView.swift in Sources */,
				A1000101000000000000000D /* StatisticsView.swift in Sources */,
				A1000101000000000000000E /* MenuBarTimerView.swift in Sources */,
				A1000101000000000000000F /* iOSContentView.swift in Sources */,
				A10001010000000000000010 /* iOSTimerTab.swift in Sources */,
				A10001010000000000000012 /* Theme.swift in Sources */,
				A10001010000000000000013 /* MenuBarHistoryView.swift in Sources */,
			);
			runOnlyForDeploymentPostprocessing = 0;
		};
		A10007010000000000000002 /* Sources */ = {
			isa = PBXSourcesBuildPhase;
			buildActionMask = 2147483647;
			files = (
				A10001020000000000000001 /* PomodoroApp.swift in Sources */,
				A10001020000000000000002 /* TimerPhase.swift in Sources */,
				A10001020000000000000003 /* TimerState.swift in Sources */,
				A10001020000000000000004 /* PomodoroSession.swift in Sources */,
				A10001020000000000000005 /* TimerService.swift in Sources */,
				A10001020000000000000006 /* NotificationService.swift in Sources */,
				A10001020000000000000007 /* StatisticsService.swift in Sources */,
				A10001020000000000000008 /* TimerView.swift in Sources */,
				A10001020000000000000009 /* TimerControlsView.swift in Sources */,
				A1000102000000000000000A /* SessionTitleInput.swift in Sources */,
				A1000102000000000000000B /* HistoryListView.swift in Sources */,
				A1000102000000000000000C /* SessionRowView.swift in Sources */,
				A1000102000000000000000D /* StatisticsView.swift in Sources */,
				A1000102000000000000000E /* MenuBarTimerView.swift in Sources */,
				A1000102000000000000000F /* iOSContentView.swift in Sources */,
				A10001020000000000000010 /* iOSTimerTab.swift in Sources */,
				A10001020000000000000012 /* Theme.swift in Sources */,
				A10001020000000000000013 /* MenuBarHistoryView.swift in Sources */,
			);
			runOnlyForDeploymentPostprocessing = 0;
		};
/* End PBXSourcesBuildPhase section */

/* Begin XCBuildConfiguration section */
		A1000A010000000000000001 /* Debug */ = {
			isa = XCBuildConfiguration;
			buildSettings = {
				ALWAYS_SEARCH_USER_PATHS = NO;
				ASSETCATALOG_COMPILER_GENERATE_SWIFT_ASSET_SYMBOL_EXTENSIONS = YES;
				CLANG_ANALYZER_NONNULL = YES;
				CLANG_ANALYZER_NUMBER_OBJECT_CONVERSION = YES_AGGRESSIVE;
				CLANG_CXX_LANGUAGE_STANDARD = "gnu++20";
				CLANG_ENABLE_MODULES = YES;
				CLANG_ENABLE_OBJC_ARC = YES;
				CLANG_ENABLE_OBJC_WEAK = YES;
				CLANG_WARN_BLOCK_CAPTURE_AUTORELEASING = YES;
				CLANG_WARN_BOOL_CONVERSION = YES;
				CLANG_WARN_COMMA = YES;
				CLANG_WARN_CONSTANT_CONVERSION = YES;
				CLANG_WARN_DEPRECATED_OBJC_IMPLEMENTATIONS = YES;
				CLANG_WARN_DIRECT_OBJC_ISA_USAGE = YES_ERROR;
				CLANG_WARN_DOCUMENTATION_COMMENTS = YES;
				CLANG_WARN_EMPTY_BODY = YES;
				CLANG_WARN_ENUM_CONVERSION = YES;
				CLANG_WARN_INFINITE_RECURSION = YES;
				CLANG_WARN_INT_CONVERSION = YES;
				CLANG_WARN_NON_LITERAL_NULL_CONVERSION = YES;
				CLANG_WARN_OBJC_IMPLICIT_RETAIN_SELF = YES;
				CLANG_WARN_OBJC_LITERAL_CONVERSION = YES;
				CLANG_WARN_OBJC_ROOT_CLASS = YES_ERROR;
				CLANG_WARN_QUOTED_INCLUDE_IN_FRAMEWORK_HEADER = YES;
				CLANG_WARN_RANGE_LOOP_ANALYSIS = YES;
				CLANG_WARN_STRICT_PROTOTYPES = YES;
				CLANG_WARN_SUSPICIOUS_MOVE = YES;
				CLANG_WARN_UNGUARDED_AVAILABILITY = YES_AGGRESSIVE;
				CLANG_WARN_UNREACHABLE_CODE = YES;
				CLANG_WARN__DUPLICATE_METHOD_MATCH = YES;
				COPY_PHASE_STRIP = NO;
				DEBUG_INFORMATION_FORMAT = dwarf;
				ENABLE_STRICT_OBJC_MSGSEND = YES;
				ENABLE_TESTABILITY = YES;
				ENABLE_USER_SCRIPT_SANDBOXING = YES;
				GCC_C_LANGUAGE_STANDARD = gnu17;
				GCC_DYNAMIC_NO_PIC = NO;
				GCC_NO_COMMON_BLOCKS = YES;
				GCC_OPTIMIZATION_LEVEL = 0;
				GCC_PREPROCESSOR_DEFINITIONS = (
					"DEBUG=1",
					"$(inherited)",
				);
				GCC_WARN_64_TO_32_BIT_CONVERSION = YES;
				GCC_WARN_ABOUT_RETURN_TYPE = YES_ERROR;
				GCC_WARN_UNDECLARED_SELECTOR = YES;
				GCC_WARN_UNINITIALIZED_AUTOS = YES_AGGRESSIVE;
				GCC_WARN_UNUSED_FUNCTION = YES;
				GCC_WARN_UNUSED_VARIABLE = YES;
				LOCALIZATION_PREFERS_STRING_CATALOGS = YES;
				MTL_ENABLE_DEBUG_INFO = INCLUDE_SOURCE;
				MTL_FAST_MATH = YES;
				ONLY_ACTIVE_ARCH = YES;
				SWIFT_ACTIVE_COMPILATION_CONDITIONS = "DEBUG $(inherited)";
				SWIFT_OPTIMIZATION_LEVEL = "-Onone";
				SWIFT_VERSION = 5.0;
			};
			name = Debug;
		};
		A1000A010000000000000002 /* Release */ = {
			isa = XCBuildConfiguration;
			buildSettings = {
				ALWAYS_SEARCH_USER_PATHS = NO;
				ASSETCATALOG_COMPILER_GENERATE_SWIFT_ASSET_SYMBOL_EXTENSIONS = YES;
				CLANG_ANALYZER_NONNULL = YES;
				CLANG_ANALYZER_NUMBER_OBJECT_CONVERSION = YES_AGGRESSIVE;
				CLANG_CXX_LANGUAGE_STANDARD = "gnu++20";
				CLANG_ENABLE_MODULES = YES;
				CLANG_ENABLE_OBJC_ARC = YES;
				CLANG_ENABLE_OBJC_WEAK = YES;
				CLANG_WARN_BLOCK_CAPTURE_AUTORELEASING = YES;
				CLANG_WARN_BOOL_CONVERSION = YES;
				CLANG_WARN_COMMA = YES;
				CLANG_WARN_CONSTANT_CONVERSION = YES;
				CLANG_WARN_DEPRECATED_OBJC_IMPLEMENTATIONS = YES;
				CLANG_WARN_DIRECT_OBJC_ISA_USAGE = YES_ERROR;
				CLANG_WARN_DOCUMENTATION_COMMENTS = YES;
				CLANG_WARN_EMPTY_BODY = YES;
				CLANG_WARN_ENUM_CONVERSION = YES;
				CLANG_WARN_INFINITE_RECURSION = YES;
				CLANG_WARN_INT_CONVERSION = YES;
				CLANG_WARN_NON_LITERAL_NULL_CONVERSION = YES;
				CLANG_WARN_OBJC_IMPLICIT_RETAIN_SELF = YES;
				CLANG_WARN_OBJC_LITERAL_CONVERSION = YES;
				CLANG_WARN_OBJC_ROOT_CLASS = YES_ERROR;
				CLANG_WARN_QUOTED_INCLUDE_IN_FRAMEWORK_HEADER = YES;
				CLANG_WARN_RANGE_LOOP_ANALYSIS = YES;
				CLANG_WARN_STRICT_PROTOTYPES = YES;
				CLANG_WARN_SUSPICIOUS_MOVE = YES;
				CLANG_WARN_UNGUARDED_AVAILABILITY = YES_AGGRESSIVE;
				CLANG_WARN_UNREACHABLE_CODE = YES;
				CLANG_WARN__DUPLICATE_METHOD_MATCH = YES;
				COPY_PHASE_STRIP = NO;
				DEBUG_INFORMATION_FORMAT = "dwarf-with-dsym";
				ENABLE_NS_ASSERTIONS = NO;
				ENABLE_STRICT_OBJC_MSGSEND = YES;
				ENABLE_USER_SCRIPT_SANDBOXING = YES;
				GCC_C_LANGUAGE_STANDARD = gnu17;
				GCC_NO_COMMON_BLOCKS = YES;
				GCC_WARN_64_TO_32_BIT_CONVERSION = YES;
				GCC_WARN_ABOUT_RETURN_TYPE = YES_ERROR;
				GCC_WARN_UNDECLARED_SELECTOR = YES;
				GCC_WARN_UNINITIALIZED_AUTOS = YES_AGGRESSIVE;
				GCC_WARN_UNUSED_FUNCTION = YES;
				GCC_WARN_UNUSED_VARIABLE = YES;
				LOCALIZATION_PREFERS_STRING_CATALOGS = YES;
				MTL_ENABLE_DEBUG_INFO = NO;
				MTL_FAST_MATH = YES;
				SWIFT_COMPILATION_MODE = wholemodule;
				SWIFT_VERSION = 5.0;
			};
			name = Release;
		};
		A1000A020000000000000001 /* Debug */ = {
			isa = XCBuildConfiguration;
			buildSettings = {
				ASSETCATALOG_COMPILER_APPICON_NAME = AppIcon;
				ASSETCATALOG_COMPILER_GLOBAL_ACCENT_COLOR_NAME = AccentColor;
				CODE_SIGN_ENTITLEMENTS = "";
				CODE_SIGN_STYLE = Automatic;
				COMBINE_HIDPI_IMAGES = YES;
				CURRENT_PROJECT_VERSION = 1;
				DEVELOPMENT_ASSET_PATHS = "";
				ENABLE_HARDENED_RUNTIME = YES;
				ENABLE_PREVIEWS = YES;
				GENERATE_INFOPLIST_FILE = YES;
				INFOPLIST_KEY_LSApplicationCategoryType = "public.app-category.productivity";
				INFOPLIST_KEY_LSUIElement = YES;
				INFOPLIST_KEY_NSHumanReadableCopyright = "";
				MACOSX_DEPLOYMENT_TARGET = 14.0;
				MARKETING_VERSION = 1.0;
				PRODUCT_BUNDLE_IDENTIFIER = com.harukidoi.Pomodoro;
				PRODUCT_NAME = "$(TARGET_NAME)";
				SDKROOT = macosx;
				SUPPORTED_PLATFORMS = macosx;
				SWIFT_EMIT_LOC_STRINGS = YES;
				SWIFT_VERSION = 5.0;
			};
			name = Debug;
		};
		A1000A020000000000000002 /* Release */ = {
			isa = XCBuildConfiguration;
			buildSettings = {
				ASSETCATALOG_COMPILER_APPICON_NAME = AppIcon;
				ASSETCATALOG_COMPILER_GLOBAL_ACCENT_COLOR_NAME = AccentColor;
				CODE_SIGN_ENTITLEMENTS = "";
				CODE_SIGN_STYLE = Automatic;
				COMBINE_HIDPI_IMAGES = YES;
				CURRENT_PROJECT_VERSION = 1;
				DEVELOPMENT_ASSET_PATHS = "";
				ENABLE_HARDENED_RUNTIME = YES;
				ENABLE_PREVIEWS = YES;
				GENERATE_INFOPLIST_FILE = YES;
				INFOPLIST_KEY_LSApplicationCategoryType = "public.app-category.productivity";
				INFOPLIST_KEY_LSUIElement = YES;
				INFOPLIST_KEY_NSHumanReadableCopyright = "";
				MACOSX_DEPLOYMENT_TARGET = 14.0;
				MARKETING_VERSION = 1.0;
				PRODUCT_BUNDLE_IDENTIFIER = com.harukidoi.Pomodoro;
				PRODUCT_NAME = "$(TARGET_NAME)";
				SDKROOT = macosx;
				SUPPORTED_PLATFORMS = macosx;
				SWIFT_EMIT_LOC_STRINGS = YES;
				SWIFT_VERSION = 5.0;
			};
			name = Release;
		};
		A1000A030000000000000001 /* Debug */ = {
			isa = XCBuildConfiguration;
			buildSettings = {
				ASSETCATALOG_COMPILER_APPICON_NAME = AppIcon;
				ASSETCATALOG_COMPILER_GLOBAL_ACCENT_COLOR_NAME = AccentColor;
				CODE_SIGN_STYLE = Automatic;
				CURRENT_PROJECT_VERSION = 1;
				DEVELOPMENT_ASSET_PATHS = "";
				ENABLE_PREVIEWS = YES;
				GENERATE_INFOPLIST_FILE = YES;
				INFOPLIST_KEY_UIApplicationSceneManifest_Generation = YES;
				INFOPLIST_KEY_UIApplicationSupportsIndirectInputEvents = YES;
				INFOPLIST_KEY_UILaunchScreen_Generation = YES;
				INFOPLIST_KEY_UISupportedInterfaceOrientations_iPad = "UIInterfaceOrientationPortrait UIInterfaceOrientationPortraitUpsideDown UIInterfaceOrientationLandscapeLeft UIInterfaceOrientationLandscapeRight";
				INFOPLIST_KEY_UISupportedInterfaceOrientations_iPhone = "UIInterfaceOrientationPortrait UIInterfaceOrientationLandscapeLeft UIInterfaceOrientationLandscapeRight";
				IPHONEOS_DEPLOYMENT_TARGET = 17.0;
				MARKETING_VERSION = 1.0;
				PRODUCT_BUNDLE_IDENTIFIER = com.harukidoi.Pomodoro;
				PRODUCT_NAME = Pomodoro;
				SDKROOT = iphoneos;
				SUPPORTED_PLATFORMS = "iphoneos iphonesimulator";
				SUPPORTS_MACCATALYST = NO;
				SWIFT_EMIT_LOC_STRINGS = YES;
				SWIFT_VERSION = 5.0;
				TARGETED_DEVICE_FAMILY = "1,2";
			};
			name = Debug;
		};
		A1000A030000000000000002 /* Release */ = {
			isa = XCBuildConfiguration;
			buildSettings = {
				ASSETCATALOG_COMPILER_APPICON_NAME = AppIcon;
				ASSETCATALOG_COMPILER_GLOBAL_ACCENT_COLOR_NAME = AccentColor;
				CODE_SIGN_STYLE = Automatic;
				CURRENT_PROJECT_VERSION = 1;
				DEVELOPMENT_ASSET_PATHS = "";
				ENABLE_PREVIEWS = YES;
				GENERATE_INFOPLIST_FILE = YES;
				INFOPLIST_KEY_UIApplicationSceneManifest_Generation = YES;
				INFOPLIST_KEY_UIApplicationSupportsIndirectInputEvents = YES;
				INFOPLIST_KEY_UILaunchScreen_Generation = YES;
				INFOPLIST_KEY_UISupportedInterfaceOrientations_iPad = "UIInterfaceOrientationPortrait UIInterfaceOrientationPortraitUpsideDown UIInterfaceOrientationLandscapeLeft UIInterfaceOrientationLandscapeRight";
				INFOPLIST_KEY_UISupportedInterfaceOrientations_iPhone = "UIInterfaceOrientationPortrait UIInterfaceOrientationLandscapeLeft UIInterfaceOrientationLandscapeRight";
				IPHONEOS_DEPLOYMENT_TARGET = 17.0;
				MARKETING_VERSION = 1.0;
				PRODUCT_BUNDLE_IDENTIFIER = com.harukidoi.Pomodoro;
				PRODUCT_NAME = Pomodoro;
				SDKROOT = iphoneos;
				SUPPORTED_PLATFORMS = "iphoneos iphonesimulator";
				SUPPORTS_MACCATALYST = NO;
				SWIFT_EMIT_LOC_STRINGS = YES;
				SWIFT_VERSION = 5.0;
				TARGETED_DEVICE_FAMILY = "1,2";
				VALIDATE_PRODUCT = YES;
			};
			name = Release;
		};
/* End XCBuildConfiguration section */

/* Begin XCConfigurationList section */
		A10008010000000000000001 /* Build configuration list for PBXNativeTarget "Pomodoro" */ = {
			isa = XCConfigurationList;
			buildConfigurations = (
				A1000A020000000000000001 /* Debug */,
				A1000A020000000000000002 /* Release */,
			);
			defaultConfigurationIsVisible = 0;
			defaultConfigurationName = Release;
		};
		A10008010000000000000002 /* Build configuration list for PBXNativeTarget "Pomodoro-iOS" */ = {
			isa = XCConfigurationList;
			buildConfigurations = (
				A1000A030000000000000001 /* Debug */,
				A1000A030000000000000002 /* Release */,
			);
			defaultConfigurationIsVisible = 0;
			defaultConfigurationName = Release;
		};
		A10008010000000000000003 /* Build configuration list for PBXProject "Pomodoro" */ = {
			isa = XCConfigurationList;
			buildConfigurations = (
				A1000A010000000000000001 /* Debug */,
				A1000A010000000000000002 /* Release */,
			);
			defaultConfigurationIsVisible = 0;
			defaultConfigurationName = Release;
		};
/* End XCConfigurationList section */
	};
	rootObject = A10009010000000000000001 /* Project object */;
}
